Microsoft Visual Studio Solution File, Format Version 12.00
# Visual Studio Version 17
VisualStudioVersion = 17.0.31611.283
MinimumVisualStudioVersion = 10.0.40219.1
Project("{9A19103F-16F7-4668-BE54-9A1E7A4F7556}") = "TestDB", "TestDB\TestDB.csproj", "{19FE76D7-56D3-477E-ABA3-F8EF17D8A074}"
EndProject
Project("{FAE04EC0-301F-11D3-BF4B-00C04F79EFBC}") = "TestDB.Entities", "TestDB.Entities\TestDB.Entities.csproj", "{4BDCABA1-F038-4204-A239-5EEAB7B9783A}"
EndProject
Project("{FAE04EC0-301F-11D3-BF4B-00C04F79EFBC}") = "TestDB.Blazor", "TestDB.Blazor\TestDB.Blazor.csproj", "{C20D9183-3BBE-45CE-9CB0-D17A5C48BAE6}"
EndProject
Global
	GlobalSection(SolutionConfigurationPlatforms) = preSolution
		Debug|Any CPU = Debug|Any CPU
		Release|Any CPU = Release|Any CPU
	EndGlobalSection
	GlobalSection(ProjectConfigurationPlatforms) = postSolution
		{19FE76D7-56D3-477E-ABA3-F8EF17D8A074}.Debug|Any CPU.ActiveCfg = Debug|Any CPU
		{19FE76D7-56D3-477E-ABA3-F8EF17D8A074}.Debug|Any CPU.Build.0 = Debug|Any CPU
		{19FE76D7-56D3-477E-ABA3-F8EF17D8A074}.Debug|Any CPU.Deploy.0 = Debug|Any CPU
		{19FE76D7-56D3-477E-ABA3-F8EF17D8A074}.Release|Any CPU.ActiveCfg = Release|Any CPU
		{19FE76D7-56D3-477E-ABA3-F8EF17D8A074}.Release|Any CPU.Build.0 = Release|Any CPU
		{19FE76D7-56D3-477E-ABA3-F8EF17D8A074}.Release|Any CPU.Deploy.0 = Release|Any CPU
		{4BDCABA1-F038-4204-A239-5EEAB7B9783A}.Debug|Any CPU.ActiveCfg = Debug|Any CPU
		{4BDCABA1-F038-4204-A239-5EEAB7B9783A}.Debug|Any CPU.Build.0 = Debug|Any CPU
		{4BDCABA1-F038-4204-A239-5EEAB7B9783A}.Release|Any CPU.ActiveCfg = Release|Any CPU
		{4BDCABA1-F038-4204-A239-5EEAB7B9783A}.Release|Any CPU.Build.0 = Release|Any CPU
		{C20D9183-3BBE-45CE-9CB0-D17A5C48BAE6}.Debug|Any CPU.ActiveCfg = Debug|Any CPU
		{C20D9183-3BBE-45CE-9CB0-D17A5C48BAE6}.Debug|Any CPU.Build.0 = Debug|Any CPU
		{C20D9183-3BBE-45CE-9CB0-D17A5C48BAE6}.Release|Any CPU.ActiveCfg = Release|Any CPU
		{C20D9183-3BBE-45CE-9CB0-D17A5C48BAE6}.Release|Any CPU.Build.0 = Release|Any CPU
	EndGlobalSection
	GlobalSection(SolutionProperties) = preSolution
		HideSolutionNode = FALSE
	EndGlobalSection
	GlobalSection(ExtensibilityGlobals) = postSolution
		SolutionGuid = {61F7FB11-1E47-470C-91E2-47F8143E1572}
	EndGlobalSection
EndGlobal
